
Microsoft Visual Studio Solution File, Format Version 12.00
# Visual Studio Version 17
VisualStudioVersion = 17.10.35013.160
MinimumVisualStudioVersion = 10.0.40219.1
Project("{FAE04EC0-301F-11D3-BF4B-00C04F79EFBC}") = "Data_Structure", "Data_Structure.csproj", "{42A706D7-FF1D-4168-8D91-82568474DABD}"
EndProject
Global
	GlobalSection(SolutionConfigurationPlatforms) = preSolution
		Debug|Any CPU = Debug|Any CPU
		Release|Any CPU = Release|Any CPU
	EndGlobalSection
	GlobalSection(ProjectConfigurationPlatforms) = postSolution
		{42A706D7-FF1D-4168-8D91-82568474DABD}.Debug|Any CPU.ActiveCfg = Debug|Any CPU
		{42A706D7-FF1D-4168-8D91-82568474DABD}.Debug|Any CPU.Build.0 = Debug|Any CPU
		{42A706D7-FF1D-4168-8D91-82568474DABD}.Release|Any CPU.ActiveCfg = Release|Any CPU
		{42A706D7-FF1D-4168-8D91-82568474DABD}.Release|Any CPU.Build.0 = Release|Any CPU
	EndGlobalSection
	GlobalSection(SolutionProperties) = preSolution
		HideSolutionNode = FALSE
	EndGlobalSection
	GlobalSection(ExtensibilityGlobals) = postSolution
		SolutionGuid = {16756418-BE48-4BAD-A14B-2A153296C176}
	EndGlobalSection
EndGlobal
